{
    "_readme": [
        "This file locks the dependencies of your project to a known state",
        "Read more about it at http://getcomposer.org/doc/01-basic-usage.md#composer-lock-the-lock-file",
        "This file is @generated automatically"
    ],
    "hash": "b46d3f3a275c57826553c46595e7bf5b",
    "packages": [
        {
            "name": "friendsoft/radiobroadcasts",
            "version": "dev-master",
            "source": {
                "type": "git",
                "url": "https://github.com/tqmz/radiobroadcasts.git",
                "reference": "768744e06bb81d267c58e2ffc05eac639a04a542"
            },
            "dist": {
                "type": "zip",
                "url": "https://api.github.com/repos/tqmz/radiobroadcasts/zipball/768744e06bb81d267c58e2ffc05eac639a04a542",
                "reference": "768744e06bb81d267c58e2ffc05eac639a04a542",
                "shasum": ""
            },
            "type": "library",
            "description": "A config collection of streaming radio stations and scheduled radio broadcasts, to be used for radio recording and analysing by any client.",
            "support": {
                "source": "https://github.com/tqmz/radiobroadcasts/tree/master"
            },
            "time": "2014-11-14 23:43:59"
        },
        {
            "name": "mtdowling/cron-expression",
            "version": "v1.0.3",
            "source": {
                "type": "git",
                "url": "https://github.com/mtdowling/cron-expression.git",
                "reference": "a47ac8d5ec15049013792401af5a4d13e3dbe7f6"
            },
            "dist": {
                "type": "zip",
                "url": "https://api.github.com/repos/mtdowling/cron-expression/zipball/a47ac8d5ec15049013792401af5a4d13e3dbe7f6",
                "reference": "a47ac8d5ec15049013792401af5a4d13e3dbe7f6",
                "shasum": ""
            },
            "require": {
                "php": ">=5.3.2"
            },
            "type": "library",
            "autoload": {
                "psr-0": {
                    "Cron": "src/"
                }
            },
            "notification-url": "https://packagist.org/downloads/",
            "license": [
                "MIT"
            ],
            "authors": [
                {
                    "name": "Michael Dowling",
                    "email": "mtdowling@gmail.com",
                    "homepage": "https://github.com/mtdowling"
                }
            ],
            "description": "CRON for PHP: Calculate the next or previous run date and determine if a CRON expression is due",
            "keywords": [
                "cron",
                "schedule"
            ],
            "time": "2013-11-23 19:48:39"
        },
        {
            "name": "phansys/getid3",
            "version": "2.1.x-dev",
            "target-dir": "GetId3",
            "source": {
                "type": "git",
                "url": "https://github.com/phansys/GetId3.git",
                "reference": "75afebe3cf9cb5609d38fa640c58c32fd82fd59e"
            },
            "dist": {
                "type": "zip",
                "url": "https://api.github.com/repos/phansys/GetId3/zipball/75afebe3cf9cb5609d38fa640c58c32fd82fd59e",
                "reference": "75afebe3cf9cb5609d38fa640c58c32fd82fd59e",
                "shasum": ""
            },
            "suggest": {
                "ext-exif": "EXIF extension is required for graphic modules.",
                "ext-rar": "RAR extension is required for RAR archive module."
            },
            "type": "library",
            "autoload": {
                "psr-0": {
                    "GetId3": ""
                }
            },
            "notification-url": "https://packagist.org/downloads/",
            "license": [
                "GPL"
            ],
            "authors": [
                {
                    "name": "James Heinrich",
                    "email": "info@getid3.org",
                    "homepage": "http://www.getid3.org"
                }
            ],
            "description": "This release of GetId3 library updates to PSR-0 CS, add namespaces and makes it Symfony 2.x installable by deps or composer mechanisms.",
            "homepage": "http://www.getid3.org",
            "keywords": [
                "getid3",
                "metadata",
                "tags"
            ],
            "time": "2014-10-08 19:39:42"
        },
        {
            "name": "symfony/process",
            "version": "dev-master",
            "target-dir": "Symfony/Component/Process",
            "source": {
                "type": "git",
                "url": "https://github.com/symfony/Process.git",
                "reference": "37721e1ac896c7886ea52659f4b0f446953180e0"
            },
            "dist": {
                "type": "zip",
                "url": "https://api.github.com/repos/symfony/Process/zipball/37721e1ac896c7886ea52659f4b0f446953180e0",
                "reference": "37721e1ac896c7886ea52659f4b0f446953180e0",
                "shasum": ""
            },
            "require": {
                "php": ">=5.3.3"
            },
            "type": "library",
            "extra": {
                "branch-alias": {
                    "dev-master": "3.0-dev"
                }
            },
            "autoload": {
                "psr-0": {
                    "Symfony\\Component\\Process\\": ""
                }
            },
            "notification-url": "https://packagist.org/downloads/",
            "license": [
                "MIT"
            ],
            "authors": [
                {
                    "name": "Symfony Community",
                    "homepage": "http://symfony.com/contributors"
                },
                {
                    "name": "Fabien Potencier",
                    "email": "fabien@symfony.com"
                }
            ],
            "description": "Symfony Process Component",
            "homepage": "http://symfony.com",
            "time": "2014-11-11 08:37:22"
        }
    ],
    "packages-dev": [],
    "aliases": [],
    "minimum-stability": "stable",
    "stability-flags": {
        "friendsoft/radiobroadcasts": 20,
        "phansys/getid3": 20,
        "symfony/process": 20
    },
    "prefer-stable": false,
    "platform": [],
    "platform-dev": []
}
